// !$*UTF8*$!
{
	archiveVersion = 1;
	classes = {
	};
	objectVersion = 56;
	objects = {

/* Begin PBXBuildFile section */
		4DE183ED2B2F113D000220CF /* SimpleSightWordsApp.swift in Sources */ = {isa = PBXBuildFile; fileRef = 4DE183EC2B2F113D000220CF /* SimpleSightWordsApp.swift */; };
		4DE183EF2B2F113D000220CF /* ContentView.swift in Sources */ = {isa = PBXBuildFile; fileRef = 4DE183EE2B2F113D000220CF /* ContentView.swift */; };
		4DE183F12B2F113E000220CF /* Assets.xcassets in Resources */ = {isa = PBXBuildFile; fileRef = 4DE183F02B2F113E000220CF /* Assets.xcassets */; };
		4DE183F52B2F113E000220CF /* Preview Assets.xcassets in Resources */ = {isa = PBXBuildFile; fileRef = 4DE183F42B2F113E000220CF /* Preview Assets.xcassets */; };
		4DE183FF2B2F113E000220CF /* SimpleSightWordsTests.swift in Sources */ = {isa = PBXBuildFile; fileRef = 4DE183FE2B2F113E000220CF /* SimpleSightWordsTests.swift */; };
		4DE184092B2F113E000220CF /* SimpleSightWordsUITests.swift in Sources */ = {isa = PBXBuildFile; fileRef = 4DE184082B2F113E000220CF /* SimpleSightWordsUITests.swift */; };
		4DE1840B2B2F113E000220CF /* SimpleSightWordsUITestsLaunchTests.swift in Sources */ = {isa = PBXBuildFile; fileRef = 4DE1840A2B2F113E000220CF /* SimpleSightWordsUITestsLaunchTests.swift */; };
/* End PBXBuildFile section */

/* Begin PBXContainerItemProxy section */
		4DE183FB2B2F113E000220CF /* PBXContainerItemProxy */ = {
			isa = PBXContainerItemProxy;
			containerPortal = 4DE183E12B2F113D000220CF /* Project object */;
			proxyType = 1;
			remoteGlobalIDString = 4DE183E82B2F113D000220CF;
			remoteInfo = SimpleSightWords;
		};
		4DE184052B2F113E000220CF /* PBXContainerItemProxy */ = {
			isa = PBXContainerItemProxy;
			containerPortal = 4DE183E12B2F113D000220CF /* Project object */;
			proxyType = 1;
			remoteGlobalIDString = 4DE183E82B2F113D000220CF;
			remoteInfo = SimpleSightWords;
		};
/* End PBXContainerItemProxy section */

/* Begin PBXFileReference section */
		4DE183E92B2F113D000220CF /* SimpleSightWords.app */ = {isa = PBXFileReference; explicitFileType = wrapper.application; includeInIndex = 0; path = SimpleSightWords.app; sourceTree = BUILT_PRODUCTS_DIR; };
		4DE183EC2B2F113D000220CF /* SimpleSightWordsApp.swift */ = {isa = PBXFileReference; lastKnownFileType = sourcecode.swift; path = SimpleSightWordsApp.swift; sourceTree = "<group>"; };
		4DE183EE2B2F113D000220CF /* ContentView.swift */ = {isa = PBXFileReference; lastKnownFileType = sourcecode.swift; path = ContentView.swift; sourceTree = "<group>"; };
		4DE183F02B2F113E000220CF /* Assets.xcassets */ = {isa = PBXFileReference; lastKnownFileType = folder.assetcatalog; path = Assets.xcassets; sourceTree = "<group>"; };
		4DE183F22B2F113E000220CF /* SimpleSightWords.entitlements */ = {isa = PBXFileReference; lastKnownFileType = text.plist.entitlements; path = SimpleSightWords.entitlements; sourceTree = "<group>"; };
		4DE183F42B2F113E000220CF /* Preview Assets.xcassets */ = {isa = PBXFileReference; lastKnownFileType = folder.assetcatalog; path = "Preview Assets.xcassets"; sourceTree = "<group>"; };
		4DE183FA2B2F113E000220CF /* SimpleSightWordsTests.xctest */ = {isa = PBXFileReference; explicitFileType = wrapper.cfbundle; includeInIndex = 0; path = SimpleSightWordsTests.xctest; sourceTree = BUILT_PRODUCTS_DIR; };
		4DE183FE2B2F113E000220CF /* SimpleSightWordsTests.swift */ = {isa = PBXFileReference; lastKnownFileType = sourcecode.swift; path = SimpleSightWordsTests.swift; sourceTree = "<group>"; };
		4DE184042B2F113E000220CF /* SimpleSightWordsUITests.xctest */ = {isa = PBXFileReference; explicitFileType = wrapper.cfbundle; includeInIndex = 0; path = SimpleSightWordsUITests.xctest; sourceTree = BUILT_PRODUCTS_DIR; };
		4DE184082B2F113E000220CF /* SimpleSightWordsUITests.swift */ = {isa = PBXFileReference; lastKnownFileType = sourcecode.swift; path = SimpleSightWordsUITests.swift; sourceTree = "<group>"; };
		4DE1840A2B2F113E000220CF /* SimpleSightWordsUITestsLaunchTests.swift */ = {isa = PBXFileReference; lastKnownFileType = sourcecode.swift; path = SimpleSightWordsUITestsLaunchTests.swift; sourceTree = "<group>"; };
/* End PBXFileReference section */

/* Begin PBXFrameworksBuildPhase section */
		4DE183E62B2F113D000220CF /* Frameworks */ = {
			isa = PBXFrameworksBuildPhase;
			buildActionMask = 2147483647;
			files = (
			);
			runOnlyForDeploymentPostprocessing = 0;
		};
		4DE183F72B2F113E000220CF /* Frameworks */ = {
			isa = PBXFrameworksBuildPhase;
			buildActionMask = 2147483647;
			files = (
			);
			runOnlyForDeploymentPostprocessing = 0;
		};
		4DE184012B2F113E000220CF /* Frameworks */ = {
			isa = PBXFrameworksBuildPhase;
			buildActionMask = 2147483647;
			files = (
			);
			runOnlyForDeploymentPostprocessing = 0;
		};
/* End PBXFrameworksBuildPhase section */

/* Begin PBXGroup section */
		4DE183E02B2F113D000220CF = {
			isa = PBXGroup;
			children = (
				4DE183EB2B2F113D000220CF /* SimpleSightWords */,
				4DE183FD2B2F113E000220CF /* SimpleSightWordsTests */,
				4DE184072B2F113E000220CF /* SimpleSightWordsUITests */,
				4DE183EA2B2F113D000220CF /* Products */,
			);
			sourceTree = "<group>";
		};
		4DE183EA2B2F113D000220CF /* Products */ = {
			isa = PBXGroup;
			children = (
				4DE183E92B2F113D000220CF /* SimpleSightWords.app */,
				4DE183FA2B2F113E000220CF /* SimpleSightWordsTests.xctest */,
				4DE184042B2F113E000220CF /* SimpleSightWordsUITests.xctest */,
			);
			name = Products;
			sourceTree = "<group>";
		};
		4DE183EB2B2F113D000220CF /* SimpleSightWords */ = {
			isa = PBXGroup;
			children = (
				4DE183EC2B2F113D000220CF /* SimpleSightWordsApp.swift */,
				4DE183EE2B2F113D000220CF /* ContentView.swift */,
				4DE183F02B2F113E000220CF /* Assets.xcassets */,
				4DE183F22B2F113E000220CF /* SimpleSightWords.entitlements */,
				4DE183F32B2F113E000220CF /* Preview Content */,
			);
			path = SimpleSightWords;
			sourceTree = "<group>";
		};
		4DE183F32B2F113E000220CF /* Preview Content */ = {
			isa = PBXGroup;
			children = (
				4DE183F42B2F113E000220CF /* Preview Assets.xcassets */,
			);
			path = "Preview Content";
			sourceTree = "<group>";
		};
		4DE183FD2B2F113E000220CF /* SimpleSightWordsTests */ = {
			isa = PBXGroup;
			children = (
				4DE183FE2B2F113E000220CF /* SimpleSightWordsTests.swift */,
			);
			path = SimpleSightWordsTests;
			sourceTree = "<group>";
		};
		4DE184072B2F113E000220CF /* SimpleSightWordsUITests */ = {
			isa = PBXGroup;
			children = (
				4DE184082B2F113E000220CF /* SimpleSightWordsUITests.swift */,
				4DE1840A2B2F113E000220CF /* SimpleSightWordsUITestsLaunchTests.swift */,
			);
			path = SimpleSightWordsUITests;
			sourceTree = "<group>";
		};
/* End PBXGroup section */

/* Begin PBXNativeTarget section */
		4DE183E82B2F113D000220CF /* SimpleSightWords */ = {
			isa = PBXNativeTarget;
			buildConfigurationList = 4DE1840E2B2F113E000220CF /* Build configuration list for PBXNativeTarget "SimpleSightWords" */;
			buildPhases = (
				4DE183E52B2F113D000220CF /* Sources */,
				4DE183E62B2F113D000220CF /* Frameworks */,
				4DE183E72B2F113D000220CF /* Resources */,
			);
			buildRules = (
			);
			dependencies = (
			);
			name = SimpleSightWords;
			productName = SimpleSightWords;
			productReference = 4DE183E92B2F113D000220CF /* SimpleSightWords.app */;
			productType = "com.apple.product-type.application";
		};
		4DE183F92B2F113E000220CF /* SimpleSightWordsTests */ = {
			isa = PBXNativeTarget;
			buildConfigurationList = 4DE184112B2F113E000220CF /* Build configuration list for PBXNativeTarget "SimpleSightWordsTests" */;
			buildPhases = (
				4DE183F62B2F113E000220CF /* Sources */,
				4DE183F72B2F113E000220CF /* Frameworks */,
				4DE183F82B2F113E000220CF /* Resources */,
			);
			buildRules = (
			);
			dependencies = (
				4DE183FC2B2F113E000220CF /* PBXTargetDependency */,
			);
			name = SimpleSightWordsTests;
			productName = SimpleSightWordsTests;
			productReference = 4DE183FA2B2F113E000220CF /* SimpleSightWordsTests.xctest */;
			productType = "com.apple.product-type.bundle.unit-test";
		};
		4DE184032B2F113E000220CF /* SimpleSightWordsUITests */ = {
			isa = PBXNativeTarget;
			buildConfigurationList = 4DE184142B2F113E000220CF /* Build configuration list for PBXNativeTarget "SimpleSightWordsUITests" */;
			buildPhases = (
				4DE184002B2F113E000220CF /* Sources */,
				4DE184012B2F113E000220CF /* Frameworks */,
				4DE184022B2F113E000220CF /* Resources */,
			);
			buildRules = (
			);
			dependencies = (
				4DE184062B2F113E000220CF /* PBXTargetDependency */,
			);
			name = SimpleSightWordsUITests;
			productName = SimpleSightWordsUITests;
			productReference = 4DE184042B2F113E000220CF /* SimpleSightWordsUITests.xctest */;
			productType = "com.apple.product-type.bundle.ui-testing";
		};
/* End PBXNativeTarget section */

/* Begin PBXProject section */
		4DE183E12B2F113D000220CF /* Project object */ = {
			isa = PBXProject;
			attributes = {
				BuildIndependentTargetsInParallel = 1;
				LastSwiftUpdateCheck = 1510;
				LastUpgradeCheck = 1510;
				TargetAttributes = {
					4DE183E82B2F113D000220CF = {
						CreatedOnToolsVersion = 15.1;
					};
					4DE183F92B2F113E000220CF = {
						CreatedOnToolsVersion = 15.1;
						TestTargetID = 4DE183E82B2F113D000220CF;
					};
					4DE184032B2F113E000220CF = {
						CreatedOnToolsVersion = 15.1;
						TestTargetID = 4DE183E82B2F113D000220CF;
					};
				};
			};
			buildConfigurationList = 4DE183E42B2F113D000220CF /* Build configuration list for PBXProject "SimpleSightWords" */;
			compatibilityVersion = "Xcode 14.0";
			developmentRegion = en;
			hasScannedForEncodings = 0;
			knownRegions = (
				en,
				Base,
			);
			mainGroup = 4DE183E02B2F113D000220CF;
			productRefGroup = 4DE183EA2B2F113D000220CF /* Products */;
			projectDirPath = "";
			projectRoot = "";
			targets = (
				4DE183E82B2F113D000220CF /* SimpleSightWords */,
				4DE183F92B2F113E000220CF /* SimpleSightWordsTests */,
				4DE184032B2F113E000220CF /* SimpleSightWordsUITests */,
			);
		};
/* End PBXProject section */

/* Begin PBXResourcesBuildPhase section */
		4DE183E72B2F113D000220CF /* Resources */ = {
			isa = PBXResourcesBuildPhase;
			buildActionMask = 2147483647;
			files = (
				4DE183F52B2F113E000220CF /* Preview Assets.xcassets in Resources */,
				4DE183F12B2F113E000220CF /* Assets.xcassets in Resources */,
			);
			runOnlyForDeploymentPostprocessing = 0;
		};
		4DE183F82B2F113E000220CF /* Resources */ = {
			isa = PBXResourcesBuildPhase;
			buildActionMask = 2147483647;
			files = (
			);
			runOnlyForDeploymentPostprocessing = 0;
		};
		4DE184022B2F113E000220CF /* Resources */ = {
			isa = PBXResourcesBuildPhase;
			buildActionMask = 2147483647;
			files = (
			);
			runOnlyForDeploymentPostprocessing = 0;
		};
/* End PBXResourcesBuildPhase section */

/* Begin PBXSourcesBuildPhase section */
		4DE183E52B2F113D000220CF /* Sources */ = {
			isa = PBXSourcesBuildPhase;
			buildActionMask = 2147483647;
			files = (
				4DE183EF2B2F113D000220CF /* ContentView.swift in Sources */,
				4DE183ED2B2F113D000220CF /* SimpleSightWordsApp.swift in Sources */,
			);
			runOnlyForDeploymentPostprocessing = 0;
		};
		4DE183F62B2F113E000220CF /* Sources */ = {
			isa = PBXSourcesBuildPhase;
			buildActionMask = 2147483647;
			files = (
				4DE183FF2B2F113E000220CF /* SimpleSightWordsTests.swift in Sources */,
			);
			runOnlyForDeploymentPostprocessing = 0;
		};
		4DE184002B2F113E000220CF /* Sources */ = {
			isa = PBXSourcesBuildPhase;
			buildActionMask = 2147483647;
			files = (
				4DE1840B2B2F113E000220CF /* SimpleSightWordsUITestsLaunchTests.swift in Sources */,
				4DE184092B2F113E000220CF /* SimpleSightWordsUITests.swift in Sources */,
			);
			runOnlyForDeploymentPostprocessing = 0;
		};
/* End PBXSourcesBuildPhase section */

/* Begin PBXTargetDependency section */
		4DE183FC2B2F113E000220CF /* PBXTargetDependency */ = {
			isa = PBXTargetDependency;
			target = 4DE183E82B2F113D000220CF /* SimpleSightWords */;
			targetProxy = 4DE183FB2B2F113E000220CF /* PBXContainerItemProxy */;
		};
		4DE184062B2F113E000220CF /* PBXTargetDependency */ = {
			isa = PBXTargetDependency;
			target = 4DE183E82B2F113D000220CF /* SimpleSightWords */;
			targetProxy = 4DE184052B2F113E000220CF /* PBXContainerItemProxy */;
		};
/* End PBXTargetDependency section */

/* Begin XCBuildConfiguration section */
		4DE1840C2B2F113E000220CF /* Debug */ = {
			isa = XCBuildConfiguration;
			buildSettings = {
				ALWAYS_SEARCH_USER_PATHS = NO;
				ASSETCATALOG_COMPILER_GENERATE_SWIFT_ASSET_SYMBOL_EXTENSIONS = YES;
				CLANG_ANALYZER_NONNULL = YES;
				CLANG_ANALYZER_NUMBER_OBJECT_CONVERSION = YES_AGGRESSIVE;
				CLANG_CXX_LANGUAGE_STANDARD = "gnu++20";
				CLANG_ENABLE_MODULES = YES;
				CLANG_ENABLE_OBJC_ARC = YES;
				CLANG_ENABLE_OBJC_WEAK = YES;
				CLANG_WARN_BLOCK_CAPTURE_AUTORELEASING = YES;
				CLANG_WARN_BOOL_CONVERSION = YES;
				CLANG_WARN_COMMA = YES;
				CLANG_WARN_CONSTANT_CONVERSION = YES;
				CLANG_WARN_DEPRECATED_OBJC_IMPLEMENTATIONS = YES;
				CLANG_WARN_DIRECT_OBJC_ISA_USAGE = YES_ERROR;
				CLANG_WARN_DOCUMENTATION_COMMENTS = YES;
				CLANG_WARN_EMPTY_BODY = YES;
				CLANG_WARN_ENUM_CONVERSION = YES;
				CLANG_WARN_INFINITE_RECURSION = YES;
				CLANG_WARN_INT_CONVERSION = YES;
				CLANG_WARN_NON_LITERAL_NULL_CONVERSION = YES;
				CLANG_WARN_OBJC_IMPLICIT_RETAIN_SELF = YES;
				CLANG_WARN_OBJC_LITERAL_CONVERSION = YES;
				CLANG_WARN_OBJC_ROOT_CLASS = YES_ERROR;
				CLANG_WARN_QUOTED_INCLUDE_IN_FRAMEWORK_HEADER = YES;
				CLANG_WARN_RANGE_LOOP_ANALYSIS = YES;
				CLANG_WARN_STRICT_PROTOTYPES = YES;
				CLANG_WARN_SUSPICIOUS_MOVE = YES;
				CLANG_WARN_UNGUARDED_AVAILABILITY = YES_AGGRESSIVE;
				CLANG_WARN_UNREACHABLE_CODE = YES;
				CLANG_WARN__DUPLICATE_METHOD_MATCH = YES;
				COPY_PHASE_STRIP = NO;
				DEBUG_INFORMATION_FORMAT = dwarf;
				ENABLE_STRICT_OBJC_MSGSEND = YES;
				ENABLE_TESTABILITY = YES;
				ENABLE_USER_SCRIPT_SANDBOXING = YES;
				GCC_C_LANGUAGE_STANDARD = gnu17;
				GCC_DYNAMIC_NO_PIC = NO;
				GCC_NO_COMMON_BLOCKS = YES;
				GCC_OPTIMIZATION_LEVEL = 0;
				GCC_PREPROCESSOR_DEFINITIONS = (
					"DEBUG=1",
					"$(inherited)",
				);
				GCC_WARN_64_TO_32_BIT_CONVERSION = YES;
				GCC_WARN_ABOUT_RETURN_TYPE = YES_ERROR;
				GCC_WARN_UNDECLARED_SELECTOR = YES;
				GCC_WARN_UNINITIALIZED_AUTOS = YES_AGGRESSIVE;
				GCC_WARN_UNUSED_FUNCTION = YES;
				GCC_WARN_UNUSED_VARIABLE = YES;
				LOCALIZATION_PREFERS_STRING_CATALOGS = YES;
				MTL_ENABLE_DEBUG_INFO = INCLUDE_SOURCE;
				MTL_FAST_MATH = YES;
				ONLY_ACTIVE_ARCH = YES;
				SWIFT_ACTIVE_COMPILATION_CONDITIONS = "DEBUG $(inherited)";
				SWIFT_OPTIMIZATION_LEVEL = "-Onone";
			};
			name = Debug;
		};
		4DE1840D2B2F113E000220CF /* Release */ = {
			isa = XCBuildConfiguration;
			buildSettings = {
				ALWAYS_SEARCH_USER_PATHS = NO;
				ASSETCATALOG_COMPILER_GENERATE_SWIFT_ASSET_SYMBOL_EXTENSIONS = YES;
				CLANG_ANALYZER_NONNULL = YES;
				CLANG_ANALYZER_NUMBER_OBJECT_CONVERSION = YES_AGGRESSIVE;
				CLANG_CXX_LANGUAGE_STANDARD = "gnu++20";
				CLANG_ENABLE_MODULES = YES;
				CLANG_ENABLE_OBJC_ARC = YES;
				CLANG_ENABLE_OBJC_WEAK = YES;
				CLANG_WARN_BLOCK_CAPTURE_AUTORELEASING = YES;
				CLANG_WARN_BOOL_CONVERSION = YES;
				CLANG_WARN_COMMA = YES;
				CLANG_WARN_CONSTANT_CONVERSION = YES;
				CLANG_WARN_DEPRECATED_OBJC_IMPLEMENTATIONS = YES;
				CLANG_WARN_DIRECT_OBJC_ISA_USAGE = YES_ERROR;
				CLANG_WARN_DOCUMENTATION_COMMENTS = YES;
				CLANG_WARN_EMPTY_BODY = YES;
				CLANG_WARN_ENUM_CONVERSION = YES;
				CLANG_WARN_INFINITE_RECURSION = YES;
				CLANG_WARN_INT_CONVERSION = YES;
				CLANG_WARN_NON_LITERAL_NULL_CONVERSION = YES;
				CLANG_WARN_OBJC_IMPLICIT_RETAIN_SELF = YES;
				CLANG_WARN_OBJC_LITERAL_CONVERSION = YES;
				CLANG_WARN_OBJC_ROOT_CLASS = YES_ERROR;
				CLANG_WARN_QUOTED_INCLUDE_IN_FRAMEWORK_HEADER = YES;
				CLANG_WARN_RANGE_LOOP_ANALYSIS = YES;
				CLANG_WARN_STRICT_PROTOTYPES = YES;
				CLANG_WARN_SUSPICIOUS_MOVE = YES;
				CLANG_WARN_UNGUARDED_AVAILABILITY = YES_AGGRESSIVE;
				CLANG_WARN_UNREACHABLE_CODE = YES;
				CLANG_WARN__DUPLICATE_METHOD_MATCH = YES;
				COPY_PHASE_STRIP = NO;
				DEBUG_INFORMATION_FORMAT = "dwarf-with-dsym";
				ENABLE_NS_ASSERTIONS = NO;
				ENABLE_STRICT_OBJC_MSGSEND = YES;
				ENABLE_USER_SCRIPT_SANDBOXING = YES;
				GCC_C_LANGUAGE_STANDARD = gnu17;
				GCC_NO_COMMON_BLOCKS = YES;
				GCC_WARN_64_TO_32_BIT_CONVERSION = YES;
				GCC_WARN_ABOUT_RETURN_TYPE = YES_ERROR;
				GCC_WARN_UNDECLARED_SELECTOR = YES;
				GCC_WARN_UNINITIALIZED_AUTOS = YES_AGGRESSIVE;
				GCC_WARN_UNUSED_FUNCTION = YES;
				GCC_WARN_UNUSED_VARIABLE = YES;
				LOCALIZATION_PREFERS_STRING_CATALOGS = YES;
				MTL_ENABLE_DEBUG_INFO = NO;
				MTL_FAST_MATH = YES;
				SWIFT_COMPILATION_MODE = wholemodule;
			};
			name = Release;
		};
		4DE1840F2B2F113E000220CF /* Debug */ = {
			isa = XCBuildConfiguration;
			buildSettings = {
				ASSETCATALOG_COMPILER_APPICON_NAME = AppIcon;
				ASSETCATALOG_COMPILER_GLOBAL_ACCENT_COLOR_NAME = AccentColor;
				CODE_SIGN_ENTITLEMENTS = SimpleSightWords/SimpleSightWords.entitlements;
				CODE_SIGN_STYLE = Automatic;
				CURRENT_PROJECT_VERSION = 1;
				DEVELOPMENT_ASSET_PATHS = "\"SimpleSightWords/Preview Content\"";
				DEVELOPMENT_TEAM = R6SSQ5A38J;
				ENABLE_HARDENED_RUNTIME = YES;
				ENABLE_PREVIEWS = YES;
				GENERATE_INFOPLIST_FILE = YES;
				"INFOPLIST_KEY_UIApplicationSceneManifest_Generation[sdk=iphoneos*]" = YES;
				"INFOPLIST_KEY_UIApplicationSceneManifest_Generation[sdk=iphonesimulator*]" = YES;
				"INFOPLIST_KEY_UIApplicationSupportsIndirectInputEvents[sdk=iphoneos*]" = YES;
				"INFOPLIST_KEY_UIApplicationSupportsIndirectInputEvents[sdk=iphonesimulator*]" = YES;
				"INFOPLIST_KEY_UILaunchScreen_Generation[sdk=iphoneos*]" = YES;
				"INFOPLIST_KEY_UILaunchScreen_Generation[sdk=iphonesimulator*]" = YES;
				"INFOPLIST_KEY_UIStatusBarStyle[sdk=iphoneos*]" = UIStatusBarStyleDefault;
				"INFOPLIST_KEY_UIStatusBarStyle[sdk=iphonesimulator*]" = UIStatusBarStyleDefault;
				INFOPLIST_KEY_UISupportedInterfaceOrientations_iPad = "UIInterfaceOrientationPortrait UIInterfaceOrientationPortraitUpsideDown UIInterfaceOrientationLandscapeLeft UIInterfaceOrientationLandscapeRight";
				INFOPLIST_KEY_UISupportedInterfaceOrientations_iPhone = "UIInterfaceOrientationPortrait UIInterfaceOrientationLandscapeLeft UIInterfaceOrientationLandscapeRight";
				IPHONEOS_DEPLOYMENT_TARGET = 17.2;
				LD_RUNPATH_SEARCH_PATHS = "@executable_path/Frameworks";
				"LD_RUNPATH_SEARCH_PATHS[sdk=macosx*]" = "@executable_path/../Frameworks";
				MACOSX_DEPLOYMENT_TARGET = 14.2;
				MARKETING_VERSION = 1.0;
				PRODUCT_BUNDLE_IDENTIFIER = com.synbydesign.SimpleSightWords;
				PRODUCT_NAME = "$(TARGET_NAME)";
				SDKROOT = auto;
				SUPPORTED_PLATFORMS = "iphoneos iphonesimulator macosx";
				SWIFT_EMIT_LOC_STRINGS = YES;
				SWIFT_VERSION = 5.0;
				TARGETED_DEVICE_FAMILY = "1,2";
			};
			name = Debug;
		};
		4DE184102B2F113E000220CF /* Release */ = {
			isa = XCBuildConfiguration;
			buildSettings = {
				ASSETCATALOG_COMPILER_APPICON_NAME = AppIcon;
				ASSETCATALOG_COMPILER_GLOBAL_ACCENT_COLOR_NAME = AccentColor;
				CODE_SIGN_ENTITLEMENTS = SimpleSightWords/SimpleSightWords.entitlements;
				CODE_SIGN_STYLE = Automatic;
				CURRENT_PROJECT_VERSION = 1;
				DEVELOPMENT_ASSET_PATHS = "\"SimpleSightWords/Preview Content\"";
				DEVELOPMENT_TEAM = R6SSQ5A38J;
				ENABLE_HARDENED_RUNTIME = YES;
				ENABLE_PREVIEWS = YES;
				GENERATE_INFOPLIST_FILE = YES;
				"INFOPLIST_KEY_UIApplicationSceneManifest_Generation[sdk=iphoneos*]" = YES;
				"INFOPLIST_KEY_UIApplicationSceneManifest_Generation[sdk=iphonesimulator*]" = YES;
				"INFOPLIST_KEY_UIApplicationSupportsIndirectInputEvents[sdk=iphoneos*]" = YES;
				"INFOPLIST_KEY_UIApplicationSupportsIndirectInputEvents[sdk=iphonesimulator*]" = YES;
				"INFOPLIST_KEY_UILaunchScreen_Generation[sdk=iphoneos*]" = YES;
				"INFOPLIST_KEY_UILaunchScreen_Generation[sdk=iphonesimulator*]" = YES;
				"INFOPLIST_KEY_UIStatusBarStyle[sdk=iphoneos*]" = UIStatusBarStyleDefault;
				"INFOPLIST_KEY_UIStatusBarStyle[sdk=iphonesimulator*]" = UIStatusBarStyleDefault;
				INFOPLIST_KEY_UISupportedInterfaceOrientations_iPad = "UIInterfaceOrientationPortrait UIInterfaceOrientationPortraitUpsideDown UIInterfaceOrientationLandscapeLeft UIInterfaceOrientationLandscapeRight";
				INFOPLIST_KEY_UISupportedInterfaceOrientations_iPhone = "UIInterfaceOrientationPortrait UIInterfaceOrientationLandscapeLeft UIInterfaceOrientationLandscapeRight";
				IPHONEOS_DEPLOYMENT_TARGET = 17.2;
				LD_RUNPATH_SEARCH_PATHS = "@executable_path/Frameworks";
				"LD_RUNPATH_SEARCH_PATHS[sdk=macosx*]" = "@executable_path/../Frameworks";
				MACOSX_DEPLOYMENT_TARGET = 14.2;
				MARKETING_VERSION = 1.0;
				PRODUCT_BUNDLE_IDENTIFIER = com.synbydesign.SimpleSightWords;
				PRODUCT_NAME = "$(TARGET_NAME)";
				SDKROOT = auto;
				SUPPORTED_PLATFORMS = "iphoneos iphonesimulator macosx";
				SWIFT_EMIT_LOC_STRINGS = YES;
				SWIFT_VERSION = 5.0;
				TARGETED_DEVICE_FAMILY = "1,2";
			};
			name = Release;
		};
		4DE184122B2F113E000220CF /* Debug */ = {
			isa = XCBuildConfiguration;
			buildSettings = {
				ALWAYS_EMBED_SWIFT_STANDARD_LIBRARIES = YES;
				BUNDLE_LOADER = "$(TEST_HOST)";
				CODE_SIGN_STYLE = Automatic;
				CURRENT_PROJECT_VERSION = 1;
				DEVELOPMENT_TEAM = R6SSQ5A38J;
				GENERATE_INFOPLIST_FILE = YES;
				IPHONEOS_DEPLOYMENT_TARGET = 17.2;
				MACOSX_DEPLOYMENT_TARGET = 14.2;
				MARKETING_VERSION = 1.0;
				PRODUCT_BUNDLE_IDENTIFIER = com.synbydesign.SimpleSightWordsTests;
				PRODUCT_NAME = "$(TARGET_NAME)";
				SDKROOT = auto;
				SUPPORTED_PLATFORMS = "iphoneos iphonesimulator macosx";
				SWIFT_EMIT_LOC_STRINGS = NO;
				SWIFT_VERSION = 5.0;
				TARGETED_DEVICE_FAMILY = "1,2";
				TEST_HOST = "$(BUILT_PRODUCTS_DIR)/SimpleSightWords.app/$(BUNDLE_EXECUTABLE_FOLDER_PATH)/SimpleSightWords";
			};
			name = Debug;
		};
		4DE184132B2F113E000220CF /* Release */ = {
			isa = XCBuildConfiguration;
			buildSettings = {
				ALWAYS_EMBED_SWIFT_STANDARD_LIBRARIES = YES;
				BUNDLE_LOADER = "$(TEST_HOST)";
				CODE_SIGN_STYLE = Automatic;
				CURRENT_PROJECT_VERSION = 1;
				DEVELOPMENT_TEAM = R6SSQ5A38J;
				GENERATE_INFOPLIST_FILE = YES;
				IPHONEOS_DEPLOYMENT_TARGET = 17.2;
				MACOSX_DEPLOYMENT_TARGET = 14.2;
				MARKETING_VERSION = 1.0;
				PRODUCT_BUNDLE_IDENTIFIER = com.synbydesign.SimpleSightWordsTests;
				PRODUCT_NAME = "$(TARGET_NAME)";
				SDKROOT = auto;
				SUPPORTED_PLATFORMS = "iphoneos iphonesimulator macosx";
				SWIFT_EMIT_LOC_STRINGS = NO;
				SWIFT_VERSION = 5.0;
				TARGETED_DEVICE_FAMILY = "1,2";
				TEST_HOST = "$(BUILT_PRODUCTS_DIR)/SimpleSightWords.app/$(BUNDLE_EXECUTABLE_FOLDER_PATH)/SimpleSightWords";
			};
			name = Release;
		};
		4DE184152B2F113E000220CF /* Debug */ = {
			isa = XCBuildConfiguration;
			buildSettings = {
				ALWAYS_EMBED_SWIFT_STANDARD_LIBRARIES = YES;
				CODE_SIGN_STYLE = Automatic;
				CURRENT_PROJECT_VERSION = 1;
				DEVELOPMENT_TEAM = R6SSQ5A38J;
				GENERATE_INFOPLIST_FILE = YES;
				IPHONEOS_DEPLOYMENT_TARGET = 17.2;
				MACOSX_DEPLOYMENT_TARGET = 14.2;
				MARKETING_VERSION = 1.0;
				PRODUCT_BUNDLE_IDENTIFIER = com.synbydesign.SimpleSightWordsUITests;
				PRODUCT_NAME = "$(TARGET_NAME)";
				SDKROOT = auto;
				SUPPORTED_PLATFORMS = "iphoneos iphonesimulator macosx";
				SWIFT_EMIT_LOC_STRINGS = NO;
				SWIFT_VERSION = 5.0;
				TARGETED_DEVICE_FAMILY = "1,2";
				TEST_TARGET_NAME = SimpleSightWords;
			};
			name = Debug;
		};
		4DE184162B2F113E000220CF /* Release */ = {
			isa = XCBuildConfiguration;
			buildSettings = {
				ALWAYS_EMBED_SWIFT_STANDARD_LIBRARIES = YES;
				CODE_SIGN_STYLE = Automatic;
				CURRENT_PROJECT_VERSION = 1;
				DEVELOPMENT_TEAM = R6SSQ5A38J;
				GENERATE_INFOPLIST_FILE = YES;
				IPHONEOS_DEPLOYMENT_TARGET = 17.2;
				MACOSX_DEPLOYMENT_TARGET = 14.2;
				MARKETING_VERSION = 1.0;
				PRODUCT_BUNDLE_IDENTIFIER = com.synbydesign.SimpleSightWordsUITests;
				PRODUCT_NAME = "$(TARGET_NAME)";
				SDKROOT = auto;
				SUPPORTED_PLATFORMS = "iphoneos iphonesimulator macosx";
				SWIFT_EMIT_LOC_STRINGS = NO;
				SWIFT_VERSION = 5.0;
				TARGETED_DEVICE_FAMILY = "1,2";
				TEST_TARGET_NAME = SimpleSightWords;
			};
			name = Release;
		};
/* End XCBuildConfiguration section */

/* Begin XCConfigurationList section */
		4DE183E42B2F113D000220CF /* Build configuration list for PBXProject "SimpleSightWords" */ = {
			isa = XCConfigurationList;
			buildConfigurations = (
				4DE1840C2B2F113E000220CF /* Debug */,
				4DE1840D2B2F113E000220CF /* Release */,
			);
			defaultConfigurationIsVisible = 0;
			defaultConfigurationName = Release;
		};
		4DE1840E2B2F113E000220CF /* Build configuration list for PBXNativeTarget "SimpleSightWords" */ = {
			isa = XCConfigurationList;
			buildConfigurations = (
				4DE1840F2B2F113E000220CF /* Debug */,
				4DE184102B2F113E000220CF /* Release */,
			);
			defaultConfigurationIsVisible = 0;
			defaultConfigurationName = Release;
		};
		4DE184112B2F113E000220CF /* Build configuration list for PBXNativeTarget "SimpleSightWordsTests" */ = {
			isa = XCConfigurationList;
			buildConfigurations = (
				4DE184122B2F113E000220CF /* Debug */,
				4DE184132B2F113E000220CF /* Release */,
			);
			defaultConfigurationIsVisible = 0;
			defaultConfigurationName = Release;
		};
		4DE184142B2F113E000220CF /* Build configuration list for PBXNativeTarget "SimpleSightWordsUITests" */ = {
			isa = XCConfigurationList;
			buildConfigurations = (
				4DE184152B2F113E000220CF /* Debug */,
				4DE184162B2F113E000220CF /* Release */,
			);
			defaultConfigurationIsVisible = 0;
			defaultConfigurationName = Release;
		};
/* End XCConfigurationList section */
	};
	rootObject = 4DE183E12B2F113D000220CF /* Project object */;
}
